
Microsoft Visual Studio Solution File, Format Version 12.00
# Visual Studio 2012
Project("{8BC9CEB8-8B4A-11D0-8D11-00A0C91BC942}") = "CST280Program3", "CST280Program3.vcxproj", "{86378593-8239-4103-93C3-7EF68DAD4D3F}"
EndProject
Global
	GlobalSection(SolutionConfigurationPlatforms) = preSolution
		Debug|Win32 = Debug|Win32
		Release|Win32 = Release|Win32
	EndGlobalSection
	GlobalSection(ProjectConfigurationPlatforms) = postSolution
		{86378593-8239-4103-93C3-7EF68DAD4D3F}.Debug|Win32.ActiveCfg = Debug|Win32
		{86378593-8239-4103-93C3-7EF68DAD4D3F}.Debug|Win32.Build.0 = Debug|Win32
		{86378593-8239-4103-93C3-7EF68DAD4D3F}.Release|Win32.ActiveCfg = Release|Win32
		{86378593-8239-4103-93C3-7EF68DAD4D3F}.Release|Win32.Build.0 = Release|Win32
	EndGlobalSection
	GlobalSection(SolutionProperties) = preSolution
		HideSolutionNode = FALSE
	EndGlobalSection
EndGlobal
