
Microsoft Visual Studio Solution File, Format Version 12.00
# Visual Studio 2012
Project("{8BC9CEB8-8B4A-11D0-8D11-00A0C91BC942}") = "employee", "employee.vcxproj", "{2776F5F7-C1F4-4591-8037-74F85A1F603E}"
EndProject
Global
	GlobalSection(SolutionConfigurationPlatforms) = preSolution
		Debug|Win32 = Debug|Win32
		Release|Win32 = Release|Win32
	EndGlobalSection
	GlobalSection(ProjectConfigurationPlatforms) = postSolution
		{2776F5F7-C1F4-4591-8037-74F85A1F603E}.Debug|Win32.ActiveCfg = Debug|Win32
		{2776F5F7-C1F4-4591-8037-74F85A1F603E}.Debug|Win32.Build.0 = Debug|Win32
		{2776F5F7-C1F4-4591-8037-74F85A1F603E}.Release|Win32.ActiveCfg = Release|Win32
		{2776F5F7-C1F4-4591-8037-74F85A1F603E}.Release|Win32.Build.0 = Release|Win32
	EndGlobalSection
	GlobalSection(SolutionProperties) = preSolution
		HideSolutionNode = FALSE
	EndGlobalSection
EndGlobal
